
Microsoft Visual Studio Solution File, Format Version 12.00
# Visual Studio Version 17
VisualStudioVersion = 17.3.32901.215
MinimumVisualStudioVersion = 10.0.40219.1
Project("{9A19103F-16F7-4668-BE54-9A1E7A4F7556}") = "WPF", "WPF\WPF.csproj", "{BAAB14E4-9A5A-4A05-B926-EC7F269C3C67}"
EndProject
Project("{FAE04EC0-301F-11D3-BF4B-00C04F79EFBC}") = "Classes", "Classes\Classes.csproj", "{BB847424-EB1D-4F5C-B6BF-B325BFCD6E18}"
EndProject
Global
	GlobalSection(SolutionConfigurationPlatforms) = preSolution
		Debug|Any CPU = Debug|Any CPU
		Release|Any CPU = Release|Any CPU
	EndGlobalSection
	GlobalSection(ProjectConfigurationPlatforms) = postSolution
		{BAAB14E4-9A5A-4A05-B926-EC7F269C3C67}.Debug|Any CPU.ActiveCfg = Debug|Any CPU
		{BAAB14E4-9A5A-4A05-B926-EC7F269C3C67}.Debug|Any CPU.Build.0 = Debug|Any CPU
		{BAAB14E4-9A5A-4A05-B926-EC7F269C3C67}.Release|Any CPU.ActiveCfg = Release|Any CPU
		{BAAB14E4-9A5A-4A05-B926-EC7F269C3C67}.Release|Any CPU.Build.0 = Release|Any CPU
		{BB847424-EB1D-4F5C-B6BF-B325BFCD6E18}.Debug|Any CPU.ActiveCfg = Debug|Any CPU
		{BB847424-EB1D-4F5C-B6BF-B325BFCD6E18}.Debug|Any CPU.Build.0 = Debug|Any CPU
		{BB847424-EB1D-4F5C-B6BF-B325BFCD6E18}.Release|Any CPU.ActiveCfg = Release|Any CPU
		{BB847424-EB1D-4F5C-B6BF-B325BFCD6E18}.Release|Any CPU.Build.0 = Release|Any CPU
	EndGlobalSection
	GlobalSection(SolutionProperties) = preSolution
		HideSolutionNode = FALSE
	EndGlobalSection
	GlobalSection(ExtensibilityGlobals) = postSolution
		SolutionGuid = {7D6FA96F-BF08-41BE-A734-C26751C13092}
	EndGlobalSection
EndGlobal
